
Microsoft Visual Studio Solution File, Format Version 12.00
# Visual Studio 15
VisualStudioVersion = 15.0.28010.2016
MinimumVisualStudioVersion = 10.0.40219.1
Project("{2150E333-8FDC-42A3-9474-1A3956D46DE8}") = "Creational", "Creational", "{AF9829DE-EEF0-4972-A0C6-76A3BD7279C5}"
EndProject
Project("{2150E333-8FDC-42A3-9474-1A3956D46DE8}") = "Structural", "Structural", "{4A423E0C-3280-480A-9FC0-E342112BF518}"
EndProject
Project("{2150E333-8FDC-42A3-9474-1A3956D46DE8}") = "Behavioral", "Behavioral", "{70EC1EB3-96A3-4654-A75D-AE7366A7C999}"
EndProject
Project("{FAE04EC0-301F-11D3-BF4B-00C04F79EFBC}") = "SingletonExample", "SingletonExample\SingletonExample.csproj", "{8455F679-17C8-4047-ACC8-D62881C4E606}"
EndProject
Project("{FAE04EC0-301F-11D3-BF4B-00C04F79EFBC}") = "AbstractFactoryExample", "AbstractFactoryExample\AbstractFactoryExample.csproj", "{478A83B1-184E-4CA1-BDCF-0BD796C460E5}"
EndProject
Project("{FAE04EC0-301F-11D3-BF4B-00C04F79EFBC}") = "BuilderExample", "BuilderExample\BuilderExample.csproj", "{DCC8778A-CE67-4CCF-9BBB-57B4C2EAF027}"
EndProject
Project("{FAE04EC0-301F-11D3-BF4B-00C04F79EFBC}") = "FactoryMethodExample", "FactoryMethodExample\FactoryMethodExample.csproj", "{26B4E0EE-9055-49CB-ACB2-EAD51FFDB5B9}"
EndProject
Project("{FAE04EC0-301F-11D3-BF4B-00C04F79EFBC}") = "PrototypeExample", "PrototypeExample\PrototypeExample.csproj", "{0F3E617E-C988-4BA6-81EB-3810D7162483}"
EndProject
Project("{FAE04EC0-301F-11D3-BF4B-00C04F79EFBC}") = "AdapterExample", "AdapterExample\AdapterExample.csproj", "{6600153B-5247-4841-9F62-E2F63F89887D}"
EndProject
Project("{FAE04EC0-301F-11D3-BF4B-00C04F79EFBC}") = "BridgeExample", "BridgeExample\BridgeExample.csproj", "{AE7051A3-E3DC-4A71-8F8D-6ABB6E7E131A}"
EndProject
Project("{FAE04EC0-301F-11D3-BF4B-00C04F79EFBC}") = "CompositeExample", "CompositeExample\CompositeExample.csproj", "{253CDB0F-D129-41E0-A43D-03C0C77A04FA}"
EndProject
Project("{FAE04EC0-301F-11D3-BF4B-00C04F79EFBC}") = "DecoratorExample", "DecoratorExample\DecoratorExample.csproj", "{35A1BF71-022E-4F81-A8CA-1D3757869829}"
EndProject
Project("{FAE04EC0-301F-11D3-BF4B-00C04F79EFBC}") = "FacadeExample", "FacadeExample\FacadeExample.csproj", "{86FEF824-FC67-4C73-981D-EA1E5009EB7A}"
EndProject
Project("{FAE04EC0-301F-11D3-BF4B-00C04F79EFBC}") = "FlyweightExample", "FlyweightExample\FlyweightExample.csproj", "{83CBC3C2-E821-41BD-BFE2-A091A6E115B5}"
EndProject
Project("{FAE04EC0-301F-11D3-BF4B-00C04F79EFBC}") = "ProxyExample", "ProxyExample\ProxyExample.csproj", "{72435D4A-2525-4C7C-A3D0-C1B65F12DB4B}"
EndProject
Project("{FAE04EC0-301F-11D3-BF4B-00C04F79EFBC}") = "ChainOfResponsabilityExample", "ChainOfResponsabilityExample\ChainOfResponsabilityExample.csproj", "{3DE9EF72-119C-4462-B67D-AE8F0B858D17}"
EndProject
Project("{FAE04EC0-301F-11D3-BF4B-00C04F79EFBC}") = "CommandExample", "CommandExample\CommandExample.csproj", "{397B7C1C-059A-4E0C-8FBA-2D5F46F61612}"
EndProject
Project("{FAE04EC0-301F-11D3-BF4B-00C04F79EFBC}") = "InterpreterExample", "InterpreterExample\InterpreterExample.csproj", "{4506BF57-4441-42C9-99C3-1B22FCE839EF}"
EndProject
Project("{FAE04EC0-301F-11D3-BF4B-00C04F79EFBC}") = "IteratorExample", "IteratorExample\IteratorExample.csproj", "{701E5527-CFBC-4C2D-B6A8-DDCFDC8B0B60}"
EndProject
Project("{FAE04EC0-301F-11D3-BF4B-00C04F79EFBC}") = "MediatorExample", "MediatorExample\MediatorExample.csproj", "{46DBA445-43AA-4A90-9436-A0A805194754}"
EndProject
Project("{FAE04EC0-301F-11D3-BF4B-00C04F79EFBC}") = "MementoExample", "MementoExample\MementoExample.csproj", "{978E42B8-D14C-4EB5-A6DF-24470A28AFF9}"
EndProject
Project("{FAE04EC0-301F-11D3-BF4B-00C04F79EFBC}") = "ObserverExample", "ObserverExample\ObserverExample.csproj", "{8B6A2F39-4FEE-4B1A-901F-F5EEEEB0EF57}"
EndProject
Project("{FAE04EC0-301F-11D3-BF4B-00C04F79EFBC}") = "StateExample", "StateExample\StateExample.csproj", "{6C9A2498-D9C5-40F6-9EE3-9F78FB6A7595}"
EndProject
Project("{FAE04EC0-301F-11D3-BF4B-00C04F79EFBC}") = "StrategyExample", "StrategyExample\StrategyExample.csproj", "{56246F80-2B0C-47B9-A4F7-2E59A18EA48B}"
EndProject
Project("{FAE04EC0-301F-11D3-BF4B-00C04F79EFBC}") = "TemplateMethodExample", "TemplateMethodExample\TemplateMethodExample.csproj", "{00DF8087-4393-4E32-9BB3-243D7886C13E}"
EndProject
Project("{FAE04EC0-301F-11D3-BF4B-00C04F79EFBC}") = "VisitorExample", "VisitorExample\VisitorExample.csproj", "{9182B6FF-A025-46A6-8482-38E71EFB6CC1}"
EndProject
Global
	GlobalSection(SolutionConfigurationPlatforms) = preSolution
		Debug|Any CPU = Debug|Any CPU
		Release|Any CPU = Release|Any CPU
	EndGlobalSection
	GlobalSection(ProjectConfigurationPlatforms) = postSolution
		{8455F679-17C8-4047-ACC8-D62881C4E606}.Debug|Any CPU.ActiveCfg = Debug|Any CPU
		{8455F679-17C8-4047-ACC8-D62881C4E606}.Debug|Any CPU.Build.0 = Debug|Any CPU
		{8455F679-17C8-4047-ACC8-D62881C4E606}.Release|Any CPU.ActiveCfg = Release|Any CPU
		{8455F679-17C8-4047-ACC8-D62881C4E606}.Release|Any CPU.Build.0 = Release|Any CPU
		{478A83B1-184E-4CA1-BDCF-0BD796C460E5}.Debug|Any CPU.ActiveCfg = Debug|Any CPU
		{478A83B1-184E-4CA1-BDCF-0BD796C460E5}.Debug|Any CPU.Build.0 = Debug|Any CPU
		{478A83B1-184E-4CA1-BDCF-0BD796C460E5}.Release|Any CPU.ActiveCfg = Release|Any CPU
		{478A83B1-184E-4CA1-BDCF-0BD796C460E5}.Release|Any CPU.Build.0 = Release|Any CPU
		{DCC8778A-CE67-4CCF-9BBB-57B4C2EAF027}.Debug|Any CPU.ActiveCfg = Debug|Any CPU
		{DCC8778A-CE67-4CCF-9BBB-57B4C2EAF027}.Debug|Any CPU.Build.0 = Debug|Any CPU
		{DCC8778A-CE67-4CCF-9BBB-57B4C2EAF027}.Release|Any CPU.ActiveCfg = Release|Any CPU
		{DCC8778A-CE67-4CCF-9BBB-57B4C2EAF027}.Release|Any CPU.Build.0 = Release|Any CPU
		{26B4E0EE-9055-49CB-ACB2-EAD51FFDB5B9}.Debug|Any CPU.ActiveCfg = Debug|Any CPU
		{26B4E0EE-9055-49CB-ACB2-EAD51FFDB5B9}.Debug|Any CPU.Build.0 = Debug|Any CPU
		{26B4E0EE-9055-49CB-ACB2-EAD51FFDB5B9}.Release|Any CPU.ActiveCfg = Release|Any CPU
		{26B4E0EE-9055-49CB-ACB2-EAD51FFDB5B9}.Release|Any CPU.Build.0 = Release|Any CPU
		{0F3E617E-C988-4BA6-81EB-3810D7162483}.Debug|Any CPU.ActiveCfg = Debug|Any CPU
		{0F3E617E-C988-4BA6-81EB-3810D7162483}.Debug|Any CPU.Build.0 = Debug|Any CPU
		{0F3E617E-C988-4BA6-81EB-3810D7162483}.Release|Any CPU.ActiveCfg = Release|Any CPU
		{0F3E617E-C988-4BA6-81EB-3810D7162483}.Release|Any CPU.Build.0 = Release|Any CPU
		{6600153B-5247-4841-9F62-E2F63F89887D}.Debug|Any CPU.ActiveCfg = Debug|Any CPU
		{6600153B-5247-4841-9F62-E2F63F89887D}.Debug|Any CPU.Build.0 = Debug|Any CPU
		{6600153B-5247-4841-9F62-E2F63F89887D}.Release|Any CPU.ActiveCfg = Release|Any CPU
		{6600153B-5247-4841-9F62-E2F63F89887D}.Release|Any CPU.Build.0 = Release|Any CPU
		{AE7051A3-E3DC-4A71-8F8D-6ABB6E7E131A}.Debug|Any CPU.ActiveCfg = Debug|Any CPU
		{AE7051A3-E3DC-4A71-8F8D-6ABB6E7E131A}.Debug|Any CPU.Build.0 = Debug|Any CPU
		{AE7051A3-E3DC-4A71-8F8D-6ABB6E7E131A}.Release|Any CPU.ActiveCfg = Release|Any CPU
		{AE7051A3-E3DC-4A71-8F8D-6ABB6E7E131A}.Release|Any CPU.Build.0 = Release|Any CPU
		{253CDB0F-D129-41E0-A43D-03C0C77A04FA}.Debug|Any CPU.ActiveCfg = Debug|Any CPU
		{253CDB0F-D129-41E0-A43D-03C0C77A04FA}.Debug|Any CPU.Build.0 = Debug|Any CPU
		{253CDB0F-D129-41E0-A43D-03C0C77A04FA}.Release|Any CPU.ActiveCfg = Release|Any CPU
		{253CDB0F-D129-41E0-A43D-03C0C77A04FA}.Release|Any CPU.Build.0 = Release|Any CPU
		{35A1BF71-022E-4F81-A8CA-1D3757869829}.Debug|Any CPU.ActiveCfg = Debug|Any CPU
		{35A1BF71-022E-4F81-A8CA-1D3757869829}.Debug|Any CPU.Build.0 = Debug|Any CPU
		{35A1BF71-022E-4F81-A8CA-1D3757869829}.Release|Any CPU.ActiveCfg = Release|Any CPU
		{35A1BF71-022E-4F81-A8CA-1D3757869829}.Release|Any CPU.Build.0 = Release|Any CPU
		{86FEF824-FC67-4C73-981D-EA1E5009EB7A}.Debug|Any CPU.ActiveCfg = Debug|Any CPU
		{86FEF824-FC67-4C73-981D-EA1E5009EB7A}.Debug|Any CPU.Build.0 = Debug|Any CPU
		{86FEF824-FC67-4C73-981D-EA1E5009EB7A}.Release|Any CPU.ActiveCfg = Release|Any CPU
		{86FEF824-FC67-4C73-981D-EA1E5009EB7A}.Release|Any CPU.Build.0 = Release|Any CPU
		{83CBC3C2-E821-41BD-BFE2-A091A6E115B5}.Debug|Any CPU.ActiveCfg = Debug|Any CPU
		{83CBC3C2-E821-41BD-BFE2-A091A6E115B5}.Debug|Any CPU.Build.0 = Debug|Any CPU
		{83CBC3C2-E821-41BD-BFE2-A091A6E115B5}.Release|Any CPU.ActiveCfg = Release|Any CPU
		{83CBC3C2-E821-41BD-BFE2-A091A6E115B5}.Release|Any CPU.Build.0 = Release|Any CPU
		{72435D4A-2525-4C7C-A3D0-C1B65F12DB4B}.Debug|Any CPU.ActiveCfg = Debug|Any CPU
		{72435D4A-2525-4C7C-A3D0-C1B65F12DB4B}.Debug|Any CPU.Build.0 = Debug|Any CPU
		{72435D4A-2525-4C7C-A3D0-C1B65F12DB4B}.Release|Any CPU.ActiveCfg = Release|Any CPU
		{72435D4A-2525-4C7C-A3D0-C1B65F12DB4B}.Release|Any CPU.Build.0 = Release|Any CPU
		{3DE9EF72-119C-4462-B67D-AE8F0B858D17}.Debug|Any CPU.ActiveCfg = Debug|Any CPU
		{3DE9EF72-119C-4462-B67D-AE8F0B858D17}.Debug|Any CPU.Build.0 = Debug|Any CPU
		{3DE9EF72-119C-4462-B67D-AE8F0B858D17}.Release|Any CPU.ActiveCfg = Release|Any CPU
		{3DE9EF72-119C-4462-B67D-AE8F0B858D17}.Release|Any CPU.Build.0 = Release|Any CPU
		{397B7C1C-059A-4E0C-8FBA-2D5F46F61612}.Debug|Any CPU.ActiveCfg = Debug|Any CPU
		{397B7C1C-059A-4E0C-8FBA-2D5F46F61612}.Debug|Any CPU.Build.0 = Debug|Any CPU
		{397B7C1C-059A-4E0C-8FBA-2D5F46F61612}.Release|Any CPU.ActiveCfg = Release|Any CPU
		{397B7C1C-059A-4E0C-8FBA-2D5F46F61612}.Release|Any CPU.Build.0 = Release|Any CPU
		{4506BF57-4441-42C9-99C3-1B22FCE839EF}.Debug|Any CPU.ActiveCfg = Debug|Any CPU
		{4506BF57-4441-42C9-99C3-1B22FCE839EF}.Debug|Any CPU.Build.0 = Debug|Any CPU
		{4506BF57-4441-42C9-99C3-1B22FCE839EF}.Release|Any CPU.ActiveCfg = Release|Any CPU
		{4506BF57-4441-42C9-99C3-1B22FCE839EF}.Release|Any CPU.Build.0 = Release|Any CPU
		{701E5527-CFBC-4C2D-B6A8-DDCFDC8B0B60}.Debug|Any CPU.ActiveCfg = Debug|Any CPU
		{701E5527-CFBC-4C2D-B6A8-DDCFDC8B0B60}.Debug|Any CPU.Build.0 = Debug|Any CPU
		{701E5527-CFBC-4C2D-B6A8-DDCFDC8B0B60}.Release|Any CPU.ActiveCfg = Release|Any CPU
		{701E5527-CFBC-4C2D-B6A8-DDCFDC8B0B60}.Release|Any CPU.Build.0 = Release|Any CPU
		{46DBA445-43AA-4A90-9436-A0A805194754}.Debug|Any CPU.ActiveCfg = Debug|Any CPU
		{46DBA445-43AA-4A90-9436-A0A805194754}.Debug|Any CPU.Build.0 = Debug|Any CPU
		{46DBA445-43AA-4A90-9436-A0A805194754}.Release|Any CPU.ActiveCfg = Release|Any CPU
		{46DBA445-43AA-4A90-9436-A0A805194754}.Release|Any CPU.Build.0 = Release|Any CPU
		{978E42B8-D14C-4EB5-A6DF-24470A28AFF9}.Debug|Any CPU.ActiveCfg = Debug|Any CPU
		{978E42B8-D14C-4EB5-A6DF-24470A28AFF9}.Debug|Any CPU.Build.0 = Debug|Any CPU
		{978E42B8-D14C-4EB5-A6DF-24470A28AFF9}.Release|Any CPU.ActiveCfg = Release|Any CPU
		{978E42B8-D14C-4EB5-A6DF-24470A28AFF9}.Release|Any CPU.Build.0 = Release|Any CPU
		{8B6A2F39-4FEE-4B1A-901F-F5EEEEB0EF57}.Debug|Any CPU.ActiveCfg = Debug|Any CPU
		{8B6A2F39-4FEE-4B1A-901F-F5EEEEB0EF57}.Debug|Any CPU.Build.0 = Debug|Any CPU
		{8B6A2F39-4FEE-4B1A-901F-F5EEEEB0EF57}.Release|Any CPU.ActiveCfg = Release|Any CPU
		{8B6A2F39-4FEE-4B1A-901F-F5EEEEB0EF57}.Release|Any CPU.Build.0 = Release|Any CPU
		{6C9A2498-D9C5-40F6-9EE3-9F78FB6A7595}.Debug|Any CPU.ActiveCfg = Debug|Any CPU
		{6C9A2498-D9C5-40F6-9EE3-9F78FB6A7595}.Debug|Any CPU.Build.0 = Debug|Any CPU
		{6C9A2498-D9C5-40F6-9EE3-9F78FB6A7595}.Release|Any CPU.ActiveCfg = Release|Any CPU
		{6C9A2498-D9C5-40F6-9EE3-9F78FB6A7595}.Release|Any CPU.Build.0 = Release|Any CPU
		{56246F80-2B0C-47B9-A4F7-2E59A18EA48B}.Debug|Any CPU.ActiveCfg = Debug|Any CPU
		{56246F80-2B0C-47B9-A4F7-2E59A18EA48B}.Debug|Any CPU.Build.0 = Debug|Any CPU
		{56246F80-2B0C-47B9-A4F7-2E59A18EA48B}.Release|Any CPU.ActiveCfg = Release|Any CPU
		{56246F80-2B0C-47B9-A4F7-2E59A18EA48B}.Release|Any CPU.Build.0 = Release|Any CPU
		{00DF8087-4393-4E32-9BB3-243D7886C13E}.Debug|Any CPU.ActiveCfg = Debug|Any CPU
		{00DF8087-4393-4E32-9BB3-243D7886C13E}.Debug|Any CPU.Build.0 = Debug|Any CPU
		{00DF8087-4393-4E32-9BB3-243D7886C13E}.Release|Any CPU.ActiveCfg = Release|Any CPU
		{00DF8087-4393-4E32-9BB3-243D7886C13E}.Release|Any CPU.Build.0 = Release|Any CPU
		{9182B6FF-A025-46A6-8482-38E71EFB6CC1}.Debug|Any CPU.ActiveCfg = Debug|Any CPU
		{9182B6FF-A025-46A6-8482-38E71EFB6CC1}.Debug|Any CPU.Build.0 = Debug|Any CPU
		{9182B6FF-A025-46A6-8482-38E71EFB6CC1}.Release|Any CPU.ActiveCfg = Release|Any CPU
		{9182B6FF-A025-46A6-8482-38E71EFB6CC1}.Release|Any CPU.Build.0 = Release|Any CPU
	EndGlobalSection
	GlobalSection(SolutionProperties) = preSolution
		HideSolutionNode = FALSE
	EndGlobalSection
	GlobalSection(NestedProjects) = preSolution
		{8455F679-17C8-4047-ACC8-D62881C4E606} = {AF9829DE-EEF0-4972-A0C6-76A3BD7279C5}
		{478A83B1-184E-4CA1-BDCF-0BD796C460E5} = {AF9829DE-EEF0-4972-A0C6-76A3BD7279C5}
		{DCC8778A-CE67-4CCF-9BBB-57B4C2EAF027} = {AF9829DE-EEF0-4972-A0C6-76A3BD7279C5}
		{26B4E0EE-9055-49CB-ACB2-EAD51FFDB5B9} = {AF9829DE-EEF0-4972-A0C6-76A3BD7279C5}
		{0F3E617E-C988-4BA6-81EB-3810D7162483} = {AF9829DE-EEF0-4972-A0C6-76A3BD7279C5}
		{6600153B-5247-4841-9F62-E2F63F89887D} = {4A423E0C-3280-480A-9FC0-E342112BF518}
		{AE7051A3-E3DC-4A71-8F8D-6ABB6E7E131A} = {4A423E0C-3280-480A-9FC0-E342112BF518}
		{253CDB0F-D129-41E0-A43D-03C0C77A04FA} = {4A423E0C-3280-480A-9FC0-E342112BF518}
		{35A1BF71-022E-4F81-A8CA-1D3757869829} = {4A423E0C-3280-480A-9FC0-E342112BF518}
		{86FEF824-FC67-4C73-981D-EA1E5009EB7A} = {4A423E0C-3280-480A-9FC0-E342112BF518}
		{83CBC3C2-E821-41BD-BFE2-A091A6E115B5} = {4A423E0C-3280-480A-9FC0-E342112BF518}
		{72435D4A-2525-4C7C-A3D0-C1B65F12DB4B} = {4A423E0C-3280-480A-9FC0-E342112BF518}
		{3DE9EF72-119C-4462-B67D-AE8F0B858D17} = {70EC1EB3-96A3-4654-A75D-AE7366A7C999}
		{397B7C1C-059A-4E0C-8FBA-2D5F46F61612} = {70EC1EB3-96A3-4654-A75D-AE7366A7C999}
		{4506BF57-4441-42C9-99C3-1B22FCE839EF} = {70EC1EB3-96A3-4654-A75D-AE7366A7C999}
		{701E5527-CFBC-4C2D-B6A8-DDCFDC8B0B60} = {70EC1EB3-96A3-4654-A75D-AE7366A7C999}
		{46DBA445-43AA-4A90-9436-A0A805194754} = {70EC1EB3-96A3-4654-A75D-AE7366A7C999}
		{978E42B8-D14C-4EB5-A6DF-24470A28AFF9} = {70EC1EB3-96A3-4654-A75D-AE7366A7C999}
		{8B6A2F39-4FEE-4B1A-901F-F5EEEEB0EF57} = {70EC1EB3-96A3-4654-A75D-AE7366A7C999}
		{6C9A2498-D9C5-40F6-9EE3-9F78FB6A7595} = {70EC1EB3-96A3-4654-A75D-AE7366A7C999}
		{56246F80-2B0C-47B9-A4F7-2E59A18EA48B} = {70EC1EB3-96A3-4654-A75D-AE7366A7C999}
		{00DF8087-4393-4E32-9BB3-243D7886C13E} = {70EC1EB3-96A3-4654-A75D-AE7366A7C999}
		{9182B6FF-A025-46A6-8482-38E71EFB6CC1} = {70EC1EB3-96A3-4654-A75D-AE7366A7C999}
	EndGlobalSection
	GlobalSection(ExtensibilityGlobals) = postSolution
		SolutionGuid = {D8EFF7CE-036B-478D-879B-B46A301BA227}
	EndGlobalSection
EndGlobal
